
Microsoft Visual Studio Solution File, Format Version 12.00
# Visual Studio Version 16
VisualStudioVersion = 25.0.1706.9
MinimumVisualStudioVersion = 10.0.40219.1
Project("{FAE04EC0-301F-11D3-BF4B-00C04F79EFBC}") = "CustomerManagement.BL", "CustomerManagement.BL\CustomerManagement.BL.csproj", "{FA08373D-0296-4A14-9CA1-ACF0377995C5}"
EndProject
Project("{FAE04EC0-301F-11D3-BF4B-00C04F79EFBC}") = "CustomerManagement.BLTest", "CustomerManagement.BLTest\CustomerManagement.BLTest.csproj", "{8E2DDA9D-834D-44CD-9387-E218C6769769}"
EndProject
Global
	GlobalSection(SolutionConfigurationPlatforms) = preSolution
		Debug|Any CPU = Debug|Any CPU
		Release|Any CPU = Release|Any CPU
	EndGlobalSection
	GlobalSection(ProjectConfigurationPlatforms) = postSolution
		{FA08373D-0296-4A14-9CA1-ACF0377995C5}.Debug|Any CPU.ActiveCfg = Debug|Any CPU
		{FA08373D-0296-4A14-9CA1-ACF0377995C5}.Debug|Any CPU.Build.0 = Debug|Any CPU
		{FA08373D-0296-4A14-9CA1-ACF0377995C5}.Release|Any CPU.ActiveCfg = Release|Any CPU
		{FA08373D-0296-4A14-9CA1-ACF0377995C5}.Release|Any CPU.Build.0 = Release|Any CPU
		{8E2DDA9D-834D-44CD-9387-E218C6769769}.Debug|Any CPU.ActiveCfg = Debug|Any CPU
		{8E2DDA9D-834D-44CD-9387-E218C6769769}.Debug|Any CPU.Build.0 = Debug|Any CPU
		{8E2DDA9D-834D-44CD-9387-E218C6769769}.Release|Any CPU.ActiveCfg = Release|Any CPU
		{8E2DDA9D-834D-44CD-9387-E218C6769769}.Release|Any CPU.Build.0 = Release|Any CPU
	EndGlobalSection
	GlobalSection(SolutionProperties) = preSolution
		HideSolutionNode = FALSE
	EndGlobalSection
	GlobalSection(ExtensibilityGlobals) = postSolution
		SolutionGuid = {8AF480EB-AFF8-4621-B70D-815A4FE0745F}
	EndGlobalSection
EndGlobal
